
Microsoft Visual Studio Solution File, Format Version 12.00
# Visual Studio 14
VisualStudioVersion = 14.0.25123.0
MinimumVisualStudioVersion = 10.0.40219.1
Project("{FAE04EC0-301F-11D3-BF4B-00C04F79EFBC}") = "Evals.App.Andorid", "Evals.App.Andorid\Evals.App.Andorid.csproj", "{1344EA5F-0AAF-4976-80B9-E0AF14866877}"
EndProject
Project("{8BB2217D-0F2D-49D1-97BC-3654ED321F3B}") = "Evals.App.Api", "Evals.App.Api\Evals.App.Api.xproj", "{45406A92-D1CA-4082-93E5-202582F227F6}"
EndProject
Project("{8BB2217D-0F2D-49D1-97BC-3654ED321F3B}") = "Evals.App.Infrastructure", "Evals.App.Infrastructure\Evals.App.Infrastructure.xproj", "{AB87045C-743B-4B0E-9DD4-8AB368855429}"
EndProject
Project("{8BB2217D-0F2D-49D1-97BC-3654ED321F3B}") = "Evals.App.Domain", "Evals.App.Domain\Evals.App.Domain.xproj", "{F1AA3FC1-8377-43A9-BC6E-E35E37D2FAEB}"
EndProject
Project("{8BB2217D-0F2D-49D1-97BC-3654ED321F3B}") = "Evals.App.EntityFramework", "Evals.App.EntityFramework\Evals.App.EntityFramework.xproj", "{090C3802-A0BF-4097-8D38-EA2A47117275}"
EndProject
Project("{8BB2217D-0F2D-49D1-97BC-3654ED321F3B}") = "Evals.App.Admin", "Evals.App.Admin\Evals.App.Admin.xproj", "{0FBA644A-46CE-482A-BA96-12812E862CDC}"
EndProject
Project("{8BB2217D-0F2D-49D1-97BC-3654ED321F3B}") = "Evals.App.Services", "Evals.App.Services\Evals.App.Services.xproj", "{53E1C01E-8F0C-46C8-95DB-907E95F42D42}"
EndProject
Project("{8BB2217D-0F2D-49D1-97BC-3654ED321F3B}") = "Evals.App.Web.Framework", "Evals.App.Web.Framework\Evals.App.Web.Framework.xproj", "{AB22B9B5-C8B7-4291-9EE2-33842C9F7C9A}"
EndProject
Project("{8BB2217D-0F2D-49D1-97BC-3654ED321F3B}") = "Evals.App.Web", "Evals.App.Web\Evals.App.Web.xproj", "{E0A09CBD-33BB-4B31-8EDE-7D23FCE5BC06}"
EndProject
Project("{FAE04EC0-301F-11D3-BF4B-00C04F79EFBC}") = "Evals.App.IOS", "Evals.App.IOS\Evals.App.IOS.csproj", "{7B251522-53DB-4A43-A331-9C58B2D74138}"
EndProject
Project("{8BB2217D-0F2D-49D1-97BC-3654ED321F3B}") = "Evals.App.Redis", "Evals.App.Redis\Evals.App.Redis.xproj", "{EEDE8F02-2751-44E1-B6CE-ACD400EE9F78}"
EndProject
Project("{2150E333-8FDC-42A3-9474-1A3956D46DE8}") = "src", "src", "{48F19910-A8AD-4793-9FED-60C731BDA57E}"
EndProject
Project("{2150E333-8FDC-42A3-9474-1A3956D46DE8}") = "app", "app", "{9A201F73-5074-42DF-9577-13FD07F7D355}"
EndProject
Project("{2150E333-8FDC-42A3-9474-1A3956D46DE8}") = "signlar", "signlar", "{F77E6232-C1FC-4B52-B003-4CD1E76CF9E8}"
EndProject
Project("{8BB2217D-0F2D-49D1-97BC-3654ED321F3B}") = "Microsoft.AspNetCore.SignalR.Messaging", "Microsoft.AspNetCore.SignalR.Messaging\Microsoft.AspNetCore.SignalR.Messaging.xproj", "{04784D06-FA36-45B4-8FBA-BEF38BBF68A8}"
EndProject
Project("{8BB2217D-0F2D-49D1-97BC-3654ED321F3B}") = "Microsoft.AspNetCore.SignalR.Server", "Microsoft.AspNetCore.SignalR.Server\Microsoft.AspNetCore.SignalR.Server.xproj", "{BB46D6A4-5F56-417E-A03A-5F694C102CC0}"
EndProject
Project("{8BB2217D-0F2D-49D1-97BC-3654ED321F3B}") = "Microsoft.AspNetCore.SignalR.Sources", "Microsoft.AspNetCore.SignalR.Sources\Microsoft.AspNetCore.SignalR.Sources.xproj", "{92676983-50E3-44C6-ADD4-1091E5592BF0}"
EndProject
Global
	GlobalSection(SolutionConfigurationPlatforms) = preSolution
		Ad-Hoc|Any CPU = Ad-Hoc|Any CPU
		Ad-Hoc|iPhone = Ad-Hoc|iPhone
		Ad-Hoc|iPhoneSimulator = Ad-Hoc|iPhoneSimulator
		AppStore|Any CPU = AppStore|Any CPU
		AppStore|iPhone = AppStore|iPhone
		AppStore|iPhoneSimulator = AppStore|iPhoneSimulator
		Debug|Any CPU = Debug|Any CPU
		Debug|iPhone = Debug|iPhone
		Debug|iPhoneSimulator = Debug|iPhoneSimulator
		Release|Any CPU = Release|Any CPU
		Release|iPhone = Release|iPhone
		Release|iPhoneSimulator = Release|iPhoneSimulator
	EndGlobalSection
	GlobalSection(ProjectConfigurationPlatforms) = postSolution
		{1344EA5F-0AAF-4976-80B9-E0AF14866877}.Ad-Hoc|Any CPU.ActiveCfg = Release|Any CPU
		{1344EA5F-0AAF-4976-80B9-E0AF14866877}.Ad-Hoc|Any CPU.Build.0 = Release|Any CPU
		{1344EA5F-0AAF-4976-80B9-E0AF14866877}.Ad-Hoc|Any CPU.Deploy.0 = Release|Any CPU
		{1344EA5F-0AAF-4976-80B9-E0AF14866877}.Ad-Hoc|iPhone.ActiveCfg = Release|Any CPU
		{1344EA5F-0AAF-4976-80B9-E0AF14866877}.Ad-Hoc|iPhone.Build.0 = Release|Any CPU
		{1344EA5F-0AAF-4976-80B9-E0AF14866877}.Ad-Hoc|iPhone.Deploy.0 = Release|Any CPU
		{1344EA5F-0AAF-4976-80B9-E0AF14866877}.Ad-Hoc|iPhoneSimulator.ActiveCfg = Release|Any CPU
		{1344EA5F-0AAF-4976-80B9-E0AF14866877}.Ad-Hoc|iPhoneSimulator.Build.0 = Release|Any CPU
		{1344EA5F-0AAF-4976-80B9-E0AF14866877}.Ad-Hoc|iPhoneSimulator.Deploy.0 = Release|Any CPU
		{1344EA5F-0AAF-4976-80B9-E0AF14866877}.AppStore|Any CPU.ActiveCfg = Release|Any CPU
		{1344EA5F-0AAF-4976-80B9-E0AF14866877}.AppStore|Any CPU.Build.0 = Release|Any CPU
		{1344EA5F-0AAF-4976-80B9-E0AF14866877}.AppStore|Any CPU.Deploy.0 = Release|Any CPU
		{1344EA5F-0AAF-4976-80B9-E0AF14866877}.AppStore|iPhone.ActiveCfg = Release|Any CPU
		{1344EA5F-0AAF-4976-80B9-E0AF14866877}.AppStore|iPhone.Build.0 = Release|Any CPU
		{1344EA5F-0AAF-4976-80B9-E0AF14866877}.AppStore|iPhone.Deploy.0 = Release|Any CPU
		{1344EA5F-0AAF-4976-80B9-E0AF14866877}.AppStore|iPhoneSimulator.ActiveCfg = Release|Any CPU
		{1344EA5F-0AAF-4976-80B9-E0AF14866877}.AppStore|iPhoneSimulator.Build.0 = Release|Any CPU
		{1344EA5F-0AAF-4976-80B9-E0AF14866877}.AppStore|iPhoneSimulator.Deploy.0 = Release|Any CPU
		{1344EA5F-0AAF-4976-80B9-E0AF14866877}.Debug|Any CPU.ActiveCfg = Debug|Any CPU
		{1344EA5F-0AAF-4976-80B9-E0AF14866877}.Debug|Any CPU.Build.0 = Debug|Any CPU
		{1344EA5F-0AAF-4976-80B9-E0AF14866877}.Debug|Any CPU.Deploy.0 = Debug|Any CPU
		{1344EA5F-0AAF-4976-80B9-E0AF14866877}.Debug|iPhone.ActiveCfg = Debug|Any CPU
		{1344EA5F-0AAF-4976-80B9-E0AF14866877}.Debug|iPhone.Build.0 = Debug|Any CPU
		{1344EA5F-0AAF-4976-80B9-E0AF14866877}.Debug|iPhone.Deploy.0 = Debug|Any CPU
		{1344EA5F-0AAF-4976-80B9-E0AF14866877}.Debug|iPhoneSimulator.ActiveCfg = Debug|Any CPU
		{1344EA5F-0AAF-4976-80B9-E0AF14866877}.Debug|iPhoneSimulator.Build.0 = Debug|Any CPU
		{1344EA5F-0AAF-4976-80B9-E0AF14866877}.Debug|iPhoneSimulator.Deploy.0 = Debug|Any CPU
		{1344EA5F-0AAF-4976-80B9-E0AF14866877}.Release|Any CPU.ActiveCfg = Release|Any CPU
		{1344EA5F-0AAF-4976-80B9-E0AF14866877}.Release|Any CPU.Build.0 = Release|Any CPU
		{1344EA5F-0AAF-4976-80B9-E0AF14866877}.Release|Any CPU.Deploy.0 = Release|Any CPU
		{1344EA5F-0AAF-4976-80B9-E0AF14866877}.Release|iPhone.ActiveCfg = Release|Any CPU
		{1344EA5F-0AAF-4976-80B9-E0AF14866877}.Release|iPhone.Build.0 = Release|Any CPU
		{1344EA5F-0AAF-4976-80B9-E0AF14866877}.Release|iPhone.Deploy.0 = Release|Any CPU
		{1344EA5F-0AAF-4976-80B9-E0AF14866877}.Release|iPhoneSimulator.ActiveCfg = Release|Any CPU
		{1344EA5F-0AAF-4976-80B9-E0AF14866877}.Release|iPhoneSimulator.Build.0 = Release|Any CPU
		{1344EA5F-0AAF-4976-80B9-E0AF14866877}.Release|iPhoneSimulator.Deploy.0 = Release|Any CPU
		{45406A92-D1CA-4082-93E5-202582F227F6}.Ad-Hoc|Any CPU.ActiveCfg = Release|Any CPU
		{45406A92-D1CA-4082-93E5-202582F227F6}.Ad-Hoc|Any CPU.Build.0 = Release|Any CPU
		{45406A92-D1CA-4082-93E5-202582F227F6}.Ad-Hoc|iPhone.ActiveCfg = Release|Any CPU
		{45406A92-D1CA-4082-93E5-202582F227F6}.Ad-Hoc|iPhone.Build.0 = Release|Any CPU
		{45406A92-D1CA-4082-93E5-202582F227F6}.Ad-Hoc|iPhoneSimulator.ActiveCfg = Release|Any CPU
		{45406A92-D1CA-4082-93E5-202582F227F6}.Ad-Hoc|iPhoneSimulator.Build.0 = Release|Any CPU
		{45406A92-D1CA-4082-93E5-202582F227F6}.AppStore|Any CPU.ActiveCfg = Release|Any CPU
		{45406A92-D1CA-4082-93E5-202582F227F6}.AppStore|Any CPU.Build.0 = Release|Any CPU
		{45406A92-D1CA-4082-93E5-202582F227F6}.AppStore|iPhone.ActiveCfg = Release|Any CPU
		{45406A92-D1CA-4082-93E5-202582F227F6}.AppStore|iPhone.Build.0 = Release|Any CPU
		{45406A92-D1CA-4082-93E5-202582F227F6}.AppStore|iPhoneSimulator.ActiveCfg = Release|Any CPU
		{45406A92-D1CA-4082-93E5-202582F227F6}.AppStore|iPhoneSimulator.Build.0 = Release|Any CPU
		{45406A92-D1CA-4082-93E5-202582F227F6}.Debug|Any CPU.ActiveCfg = Debug|Any CPU
		{45406A92-D1CA-4082-93E5-202582F227F6}.Debug|Any CPU.Build.0 = Debug|Any CPU
		{45406A92-D1CA-4082-93E5-202582F227F6}.Debug|iPhone.ActiveCfg = Debug|Any CPU
		{45406A92-D1CA-4082-93E5-202582F227F6}.Debug|iPhone.Build.0 = Debug|Any CPU
		{45406A92-D1CA-4082-93E5-202582F227F6}.Debug|iPhoneSimulator.ActiveCfg = Debug|Any CPU
		{45406A92-D1CA-4082-93E5-202582F227F6}.Debug|iPhoneSimulator.Build.0 = Debug|Any CPU
		{45406A92-D1CA-4082-93E5-202582F227F6}.Release|Any CPU.ActiveCfg = Release|Any CPU
		{45406A92-D1CA-4082-93E5-202582F227F6}.Release|Any CPU.Build.0 = Release|Any CPU
		{45406A92-D1CA-4082-93E5-202582F227F6}.Release|iPhone.ActiveCfg = Release|Any CPU
		{45406A92-D1CA-4082-93E5-202582F227F6}.Release|iPhone.Build.0 = Release|Any CPU
		{45406A92-D1CA-4082-93E5-202582F227F6}.Release|iPhoneSimulator.ActiveCfg = Release|Any CPU
		{45406A92-D1CA-4082-93E5-202582F227F6}.Release|iPhoneSimulator.Build.0 = Release|Any CPU
		{AB87045C-743B-4B0E-9DD4-8AB368855429}.Ad-Hoc|Any CPU.ActiveCfg = Release|Any CPU
		{AB87045C-743B-4B0E-9DD4-8AB368855429}.Ad-Hoc|Any CPU.Build.0 = Release|Any CPU
		{AB87045C-743B-4B0E-9DD4-8AB368855429}.Ad-Hoc|iPhone.ActiveCfg = Release|Any CPU
		{AB87045C-743B-4B0E-9DD4-8AB368855429}.Ad-Hoc|iPhone.Build.0 = Release|Any CPU
		{AB87045C-743B-4B0E-9DD4-8AB368855429}.Ad-Hoc|iPhoneSimulator.ActiveCfg = Release|Any CPU
		{AB87045C-743B-4B0E-9DD4-8AB368855429}.Ad-Hoc|iPhoneSimulator.Build.0 = Release|Any CPU
		{AB87045C-743B-4B0E-9DD4-8AB368855429}.AppStore|Any CPU.ActiveCfg = Release|Any CPU
		{AB87045C-743B-4B0E-9DD4-8AB368855429}.AppStore|Any CPU.Build.0 = Release|Any CPU
		{AB87045C-743B-4B0E-9DD4-8AB368855429}.AppStore|iPhone.ActiveCfg = Release|Any CPU
		{AB87045C-743B-4B0E-9DD4-8AB368855429}.AppStore|iPhone.Build.0 = Release|Any CPU
		{AB87045C-743B-4B0E-9DD4-8AB368855429}.AppStore|iPhoneSimulator.ActiveCfg = Release|Any CPU
		{AB87045C-743B-4B0E-9DD4-8AB368855429}.AppStore|iPhoneSimulator.Build.0 = Release|Any CPU
		{AB87045C-743B-4B0E-9DD4-8AB368855429}.Debug|Any CPU.ActiveCfg = Debug|Any CPU
		{AB87045C-743B-4B0E-9DD4-8AB368855429}.Debug|Any CPU.Build.0 = Debug|Any CPU
		{AB87045C-743B-4B0E-9DD4-8AB368855429}.Debug|iPhone.ActiveCfg = Debug|Any CPU
		{AB87045C-743B-4B0E-9DD4-8AB368855429}.Debug|iPhone.Build.0 = Debug|Any CPU
		{AB87045C-743B-4B0E-9DD4-8AB368855429}.Debug|iPhoneSimulator.ActiveCfg = Debug|Any CPU
		{AB87045C-743B-4B0E-9DD4-8AB368855429}.Debug|iPhoneSimulator.Build.0 = Debug|Any CPU
		{AB87045C-743B-4B0E-9DD4-8AB368855429}.Release|Any CPU.ActiveCfg = Release|Any CPU
		{AB87045C-743B-4B0E-9DD4-8AB368855429}.Release|Any CPU.Build.0 = Release|Any CPU
		{AB87045C-743B-4B0E-9DD4-8AB368855429}.Release|iPhone.ActiveCfg = Release|Any CPU
		{AB87045C-743B-4B0E-9DD4-8AB368855429}.Release|iPhone.Build.0 = Release|Any CPU
		{AB87045C-743B-4B0E-9DD4-8AB368855429}.Release|iPhoneSimulator.ActiveCfg = Release|Any CPU
		{AB87045C-743B-4B0E-9DD4-8AB368855429}.Release|iPhoneSimulator.Build.0 = Release|Any CPU
		{F1AA3FC1-8377-43A9-BC6E-E35E37D2FAEB}.Ad-Hoc|Any CPU.ActiveCfg = Release|Any CPU
		{F1AA3FC1-8377-43A9-BC6E-E35E37D2FAEB}.Ad-Hoc|Any CPU.Build.0 = Release|Any CPU
		{F1AA3FC1-8377-43A9-BC6E-E35E37D2FAEB}.Ad-Hoc|iPhone.ActiveCfg = Release|Any CPU
		{F1AA3FC1-8377-43A9-BC6E-E35E37D2FAEB}.Ad-Hoc|iPhone.Build.0 = Release|Any CPU
		{F1AA3FC1-8377-43A9-BC6E-E35E37D2FAEB}.Ad-Hoc|iPhoneSimulator.ActiveCfg = Release|Any CPU
		{F1AA3FC1-8377-43A9-BC6E-E35E37D2FAEB}.Ad-Hoc|iPhoneSimulator.Build.0 = Release|Any CPU
		{F1AA3FC1-8377-43A9-BC6E-E35E37D2FAEB}.AppStore|Any CPU.ActiveCfg = Release|Any CPU
		{F1AA3FC1-8377-43A9-BC6E-E35E37D2FAEB}.AppStore|Any CPU.Build.0 = Release|Any CPU
		{F1AA3FC1-8377-43A9-BC6E-E35E37D2FAEB}.AppStore|iPhone.ActiveCfg = Release|Any CPU
		{F1AA3FC1-8377-43A9-BC6E-E35E37D2FAEB}.AppStore|iPhone.Build.0 = Release|Any CPU
		{F1AA3FC1-8377-43A9-BC6E-E35E37D2FAEB}.AppStore|iPhoneSimulator.ActiveCfg = Release|Any CPU
		{F1AA3FC1-8377-43A9-BC6E-E35E37D2FAEB}.AppStore|iPhoneSimulator.Build.0 = Release|Any CPU
		{F1AA3FC1-8377-43A9-BC6E-E35E37D2FAEB}.Debug|Any CPU.ActiveCfg = Debug|Any CPU
		{F1AA3FC1-8377-43A9-BC6E-E35E37D2FAEB}.Debug|Any CPU.Build.0 = Debug|Any CPU
		{F1AA3FC1-8377-43A9-BC6E-E35E37D2FAEB}.Debug|iPhone.ActiveCfg = Debug|Any CPU
		{F1AA3FC1-8377-43A9-BC6E-E35E37D2FAEB}.Debug|iPhone.Build.0 = Debug|Any CPU
		{F1AA3FC1-8377-43A9-BC6E-E35E37D2FAEB}.Debug|iPhoneSimulator.ActiveCfg = Debug|Any CPU
		{F1AA3FC1-8377-43A9-BC6E-E35E37D2FAEB}.Debug|iPhoneSimulator.Build.0 = Debug|Any CPU
		{F1AA3FC1-8377-43A9-BC6E-E35E37D2FAEB}.Release|Any CPU.ActiveCfg = Release|Any CPU
		{F1AA3FC1-8377-43A9-BC6E-E35E37D2FAEB}.Release|Any CPU.Build.0 = Release|Any CPU
		{F1AA3FC1-8377-43A9-BC6E-E35E37D2FAEB}.Release|iPhone.ActiveCfg = Release|Any CPU
		{F1AA3FC1-8377-43A9-BC6E-E35E37D2FAEB}.Release|iPhone.Build.0 = Release|Any CPU
		{F1AA3FC1-8377-43A9-BC6E-E35E37D2FAEB}.Release|iPhoneSimulator.ActiveCfg = Release|Any CPU
		{F1AA3FC1-8377-43A9-BC6E-E35E37D2FAEB}.Release|iPhoneSimulator.Build.0 = Release|Any CPU
		{090C3802-A0BF-4097-8D38-EA2A47117275}.Ad-Hoc|Any CPU.ActiveCfg = Release|Any CPU
		{090C3802-A0BF-4097-8D38-EA2A47117275}.Ad-Hoc|Any CPU.Build.0 = Release|Any CPU
		{090C3802-A0BF-4097-8D38-EA2A47117275}.Ad-Hoc|iPhone.ActiveCfg = Release|Any CPU
		{090C3802-A0BF-4097-8D38-EA2A47117275}.Ad-Hoc|iPhone.Build.0 = Release|Any CPU
		{090C3802-A0BF-4097-8D38-EA2A47117275}.Ad-Hoc|iPhoneSimulator.ActiveCfg = Release|Any CPU
		{090C3802-A0BF-4097-8D38-EA2A47117275}.Ad-Hoc|iPhoneSimulator.Build.0 = Release|Any CPU
		{090C3802-A0BF-4097-8D38-EA2A47117275}.AppStore|Any CPU.ActiveCfg = Release|Any CPU
		{090C3802-A0BF-4097-8D38-EA2A47117275}.AppStore|Any CPU.Build.0 = Release|Any CPU
		{090C3802-A0BF-4097-8D38-EA2A47117275}.AppStore|iPhone.ActiveCfg = Release|Any CPU
		{090C3802-A0BF-4097-8D38-EA2A47117275}.AppStore|iPhone.Build.0 = Release|Any CPU
		{090C3802-A0BF-4097-8D38-EA2A47117275}.AppStore|iPhoneSimulator.ActiveCfg = Release|Any CPU
		{090C3802-A0BF-4097-8D38-EA2A47117275}.AppStore|iPhoneSimulator.Build.0 = Release|Any CPU
		{090C3802-A0BF-4097-8D38-EA2A47117275}.Debug|Any CPU.ActiveCfg = Debug|Any CPU
		{090C3802-A0BF-4097-8D38-EA2A47117275}.Debug|Any CPU.Build.0 = Debug|Any CPU
		{090C3802-A0BF-4097-8D38-EA2A47117275}.Debug|iPhone.ActiveCfg = Debug|Any CPU
		{090C3802-A0BF-4097-8D38-EA2A47117275}.Debug|iPhone.Build.0 = Debug|Any CPU
		{090C3802-A0BF-4097-8D38-EA2A47117275}.Debug|iPhoneSimulator.ActiveCfg = Debug|Any CPU
		{090C3802-A0BF-4097-8D38-EA2A47117275}.Debug|iPhoneSimulator.Build.0 = Debug|Any CPU
		{090C3802-A0BF-4097-8D38-EA2A47117275}.Release|Any CPU.ActiveCfg = Release|Any CPU
		{090C3802-A0BF-4097-8D38-EA2A47117275}.Release|Any CPU.Build.0 = Release|Any CPU
		{090C3802-A0BF-4097-8D38-EA2A47117275}.Release|iPhone.ActiveCfg = Release|Any CPU
		{090C3802-A0BF-4097-8D38-EA2A47117275}.Release|iPhone.Build.0 = Release|Any CPU
		{090C3802-A0BF-4097-8D38-EA2A47117275}.Release|iPhoneSimulator.ActiveCfg = Release|Any CPU
		{090C3802-A0BF-4097-8D38-EA2A47117275}.Release|iPhoneSimulator.Build.0 = Release|Any CPU
		{0FBA644A-46CE-482A-BA96-12812E862CDC}.Ad-Hoc|Any CPU.ActiveCfg = Release|Any CPU
		{0FBA644A-46CE-482A-BA96-12812E862CDC}.Ad-Hoc|Any CPU.Build.0 = Release|Any CPU
		{0FBA644A-46CE-482A-BA96-12812E862CDC}.Ad-Hoc|iPhone.ActiveCfg = Release|Any CPU
		{0FBA644A-46CE-482A-BA96-12812E862CDC}.Ad-Hoc|iPhone.Build.0 = Release|Any CPU
		{0FBA644A-46CE-482A-BA96-12812E862CDC}.Ad-Hoc|iPhoneSimulator.ActiveCfg = Release|Any CPU
		{0FBA644A-46CE-482A-BA96-12812E862CDC}.Ad-Hoc|iPhoneSimulator.Build.0 = Release|Any CPU
		{0FBA644A-46CE-482A-BA96-12812E862CDC}.AppStore|Any CPU.ActiveCfg = Release|Any CPU
		{0FBA644A-46CE-482A-BA96-12812E862CDC}.AppStore|Any CPU.Build.0 = Release|Any CPU
		{0FBA644A-46CE-482A-BA96-12812E862CDC}.AppStore|iPhone.ActiveCfg = Release|Any CPU
		{0FBA644A-46CE-482A-BA96-12812E862CDC}.AppStore|iPhone.Build.0 = Release|Any CPU
		{0FBA644A-46CE-482A-BA96-12812E862CDC}.AppStore|iPhoneSimulator.ActiveCfg = Release|Any CPU
		{0FBA644A-46CE-482A-BA96-12812E862CDC}.AppStore|iPhoneSimulator.Build.0 = Release|Any CPU
		{0FBA644A-46CE-482A-BA96-12812E862CDC}.Debug|Any CPU.ActiveCfg = Debug|Any CPU
		{0FBA644A-46CE-482A-BA96-12812E862CDC}.Debug|Any CPU.Build.0 = Debug|Any CPU
		{0FBA644A-46CE-482A-BA96-12812E862CDC}.Debug|iPhone.ActiveCfg = Debug|Any CPU
		{0FBA644A-46CE-482A-BA96-12812E862CDC}.Debug|iPhone.Build.0 = Debug|Any CPU
		{0FBA644A-46CE-482A-BA96-12812E862CDC}.Debug|iPhoneSimulator.ActiveCfg = Debug|Any CPU
		{0FBA644A-46CE-482A-BA96-12812E862CDC}.Debug|iPhoneSimulator.Build.0 = Debug|Any CPU
		{0FBA644A-46CE-482A-BA96-12812E862CDC}.Release|Any CPU.ActiveCfg = Release|Any CPU
		{0FBA644A-46CE-482A-BA96-12812E862CDC}.Release|Any CPU.Build.0 = Release|Any CPU
		{0FBA644A-46CE-482A-BA96-12812E862CDC}.Release|iPhone.ActiveCfg = Release|Any CPU
		{0FBA644A-46CE-482A-BA96-12812E862CDC}.Release|iPhone.Build.0 = Release|Any CPU
		{0FBA644A-46CE-482A-BA96-12812E862CDC}.Release|iPhoneSimulator.ActiveCfg = Release|Any CPU
		{0FBA644A-46CE-482A-BA96-12812E862CDC}.Release|iPhoneSimulator.Build.0 = Release|Any CPU
		{53E1C01E-8F0C-46C8-95DB-907E95F42D42}.Ad-Hoc|Any CPU.ActiveCfg = Release|Any CPU
		{53E1C01E-8F0C-46C8-95DB-907E95F42D42}.Ad-Hoc|Any CPU.Build.0 = Release|Any CPU
		{53E1C01E-8F0C-46C8-95DB-907E95F42D42}.Ad-Hoc|iPhone.ActiveCfg = Release|Any CPU
		{53E1C01E-8F0C-46C8-95DB-907E95F42D42}.Ad-Hoc|iPhone.Build.0 = Release|Any CPU
		{53E1C01E-8F0C-46C8-95DB-907E95F42D42}.Ad-Hoc|iPhoneSimulator.ActiveCfg = Release|Any CPU
		{53E1C01E-8F0C-46C8-95DB-907E95F42D42}.Ad-Hoc|iPhoneSimulator.Build.0 = Release|Any CPU
		{53E1C01E-8F0C-46C8-95DB-907E95F42D42}.AppStore|Any CPU.ActiveCfg = Release|Any CPU
		{53E1C01E-8F0C-46C8-95DB-907E95F42D42}.AppStore|Any CPU.Build.0 = Release|Any CPU
		{53E1C01E-8F0C-46C8-95DB-907E95F42D42}.AppStore|iPhone.ActiveCfg = Release|Any CPU
		{53E1C01E-8F0C-46C8-95DB-907E95F42D42}.AppStore|iPhone.Build.0 = Release|Any CPU
		{53E1C01E-8F0C-46C8-95DB-907E95F42D42}.AppStore|iPhoneSimulator.ActiveCfg = Release|Any CPU
		{53E1C01E-8F0C-46C8-95DB-907E95F42D42}.AppStore|iPhoneSimulator.Build.0 = Release|Any CPU
		{53E1C01E-8F0C-46C8-95DB-907E95F42D42}.Debug|Any CPU.ActiveCfg = Debug|Any CPU
		{53E1C01E-8F0C-46C8-95DB-907E95F42D42}.Debug|Any CPU.Build.0 = Debug|Any CPU
		{53E1C01E-8F0C-46C8-95DB-907E95F42D42}.Debug|iPhone.ActiveCfg = Debug|Any CPU
		{53E1C01E-8F0C-46C8-95DB-907E95F42D42}.Debug|iPhone.Build.0 = Debug|Any CPU
		{53E1C01E-8F0C-46C8-95DB-907E95F42D42}.Debug|iPhoneSimulator.ActiveCfg = Debug|Any CPU
		{53E1C01E-8F0C-46C8-95DB-907E95F42D42}.Debug|iPhoneSimulator.Build.0 = Debug|Any CPU
		{53E1C01E-8F0C-46C8-95DB-907E95F42D42}.Release|Any CPU.ActiveCfg = Release|Any CPU
		{53E1C01E-8F0C-46C8-95DB-907E95F42D42}.Release|Any CPU.Build.0 = Release|Any CPU
		{53E1C01E-8F0C-46C8-95DB-907E95F42D42}.Release|iPhone.ActiveCfg = Release|Any CPU
		{53E1C01E-8F0C-46C8-95DB-907E95F42D42}.Release|iPhone.Build.0 = Release|Any CPU
		{53E1C01E-8F0C-46C8-95DB-907E95F42D42}.Release|iPhoneSimulator.ActiveCfg = Release|Any CPU
		{53E1C01E-8F0C-46C8-95DB-907E95F42D42}.Release|iPhoneSimulator.Build.0 = Release|Any CPU
		{AB22B9B5-C8B7-4291-9EE2-33842C9F7C9A}.Ad-Hoc|Any CPU.ActiveCfg = Release|Any CPU
		{AB22B9B5-C8B7-4291-9EE2-33842C9F7C9A}.Ad-Hoc|Any CPU.Build.0 = Release|Any CPU
		{AB22B9B5-C8B7-4291-9EE2-33842C9F7C9A}.Ad-Hoc|iPhone.ActiveCfg = Release|Any CPU
		{AB22B9B5-C8B7-4291-9EE2-33842C9F7C9A}.Ad-Hoc|iPhone.Build.0 = Release|Any CPU
		{AB22B9B5-C8B7-4291-9EE2-33842C9F7C9A}.Ad-Hoc|iPhoneSimulator.ActiveCfg = Release|Any CPU
		{AB22B9B5-C8B7-4291-9EE2-33842C9F7C9A}.Ad-Hoc|iPhoneSimulator.Build.0 = Release|Any CPU
		{AB22B9B5-C8B7-4291-9EE2-33842C9F7C9A}.AppStore|Any CPU.ActiveCfg = Release|Any CPU
		{AB22B9B5-C8B7-4291-9EE2-33842C9F7C9A}.AppStore|Any CPU.Build.0 = Release|Any CPU
		{AB22B9B5-C8B7-4291-9EE2-33842C9F7C9A}.AppStore|iPhone.ActiveCfg = Release|Any CPU
		{AB22B9B5-C8B7-4291-9EE2-33842C9F7C9A}.AppStore|iPhone.Build.0 = Release|Any CPU
		{AB22B9B5-C8B7-4291-9EE2-33842C9F7C9A}.AppStore|iPhoneSimulator.ActiveCfg = Release|Any CPU
		{AB22B9B5-C8B7-4291-9EE2-33842C9F7C9A}.AppStore|iPhoneSimulator.Build.0 = Release|Any CPU
		{AB22B9B5-C8B7-4291-9EE2-33842C9F7C9A}.Debug|Any CPU.ActiveCfg = Debug|Any CPU
		{AB22B9B5-C8B7-4291-9EE2-33842C9F7C9A}.Debug|Any CPU.Build.0 = Debug|Any CPU
		{AB22B9B5-C8B7-4291-9EE2-33842C9F7C9A}.Debug|iPhone.ActiveCfg = Debug|Any CPU
		{AB22B9B5-C8B7-4291-9EE2-33842C9F7C9A}.Debug|iPhone.Build.0 = Debug|Any CPU
		{AB22B9B5-C8B7-4291-9EE2-33842C9F7C9A}.Debug|iPhoneSimulator.ActiveCfg = Debug|Any CPU
		{AB22B9B5-C8B7-4291-9EE2-33842C9F7C9A}.Debug|iPhoneSimulator.Build.0 = Debug|Any CPU
		{AB22B9B5-C8B7-4291-9EE2-33842C9F7C9A}.Release|Any CPU.ActiveCfg = Release|Any CPU
		{AB22B9B5-C8B7-4291-9EE2-33842C9F7C9A}.Release|Any CPU.Build.0 = Release|Any CPU
		{AB22B9B5-C8B7-4291-9EE2-33842C9F7C9A}.Release|iPhone.ActiveCfg = Release|Any CPU
		{AB22B9B5-C8B7-4291-9EE2-33842C9F7C9A}.Release|iPhone.Build.0 = Release|Any CPU
		{AB22B9B5-C8B7-4291-9EE2-33842C9F7C9A}.Release|iPhoneSimulator.ActiveCfg = Release|Any CPU
		{AB22B9B5-C8B7-4291-9EE2-33842C9F7C9A}.Release|iPhoneSimulator.Build.0 = Release|Any CPU
		{E0A09CBD-33BB-4B31-8EDE-7D23FCE5BC06}.Ad-Hoc|Any CPU.ActiveCfg = Debug|Any CPU
		{E0A09CBD-33BB-4B31-8EDE-7D23FCE5BC06}.Ad-Hoc|Any CPU.Build.0 = Debug|Any CPU
		{E0A09CBD-33BB-4B31-8EDE-7D23FCE5BC06}.Ad-Hoc|iPhone.ActiveCfg = Debug|Any CPU
		{E0A09CBD-33BB-4B31-8EDE-7D23FCE5BC06}.Ad-Hoc|iPhone.Build.0 = Debug|Any CPU
		{E0A09CBD-33BB-4B31-8EDE-7D23FCE5BC06}.Ad-Hoc|iPhoneSimulator.ActiveCfg = Debug|Any CPU
		{E0A09CBD-33BB-4B31-8EDE-7D23FCE5BC06}.Ad-Hoc|iPhoneSimulator.Build.0 = Debug|Any CPU
		{E0A09CBD-33BB-4B31-8EDE-7D23FCE5BC06}.AppStore|Any CPU.ActiveCfg = Debug|Any CPU
		{E0A09CBD-33BB-4B31-8EDE-7D23FCE5BC06}.AppStore|Any CPU.Build.0 = Debug|Any CPU
		{E0A09CBD-33BB-4B31-8EDE-7D23FCE5BC06}.AppStore|iPhone.ActiveCfg = Debug|Any CPU
		{E0A09CBD-33BB-4B31-8EDE-7D23FCE5BC06}.AppStore|iPhone.Build.0 = Debug|Any CPU
		{E0A09CBD-33BB-4B31-8EDE-7D23FCE5BC06}.AppStore|iPhoneSimulator.ActiveCfg = Debug|Any CPU
		{E0A09CBD-33BB-4B31-8EDE-7D23FCE5BC06}.AppStore|iPhoneSimulator.Build.0 = Debug|Any CPU
		{E0A09CBD-33BB-4B31-8EDE-7D23FCE5BC06}.Debug|Any CPU.ActiveCfg = Debug|Any CPU
		{E0A09CBD-33BB-4B31-8EDE-7D23FCE5BC06}.Debug|Any CPU.Build.0 = Debug|Any CPU
		{E0A09CBD-33BB-4B31-8EDE-7D23FCE5BC06}.Debug|iPhone.ActiveCfg = Debug|Any CPU
		{E0A09CBD-33BB-4B31-8EDE-7D23FCE5BC06}.Debug|iPhone.Build.0 = Debug|Any CPU
		{E0A09CBD-33BB-4B31-8EDE-7D23FCE5BC06}.Debug|iPhoneSimulator.ActiveCfg = Debug|Any CPU
		{E0A09CBD-33BB-4B31-8EDE-7D23FCE5BC06}.Debug|iPhoneSimulator.Build.0 = Debug|Any CPU
		{E0A09CBD-33BB-4B31-8EDE-7D23FCE5BC06}.Release|Any CPU.ActiveCfg = Release|Any CPU
		{E0A09CBD-33BB-4B31-8EDE-7D23FCE5BC06}.Release|Any CPU.Build.0 = Release|Any CPU
		{E0A09CBD-33BB-4B31-8EDE-7D23FCE5BC06}.Release|iPhone.ActiveCfg = Release|Any CPU
		{E0A09CBD-33BB-4B31-8EDE-7D23FCE5BC06}.Release|iPhone.Build.0 = Release|Any CPU
		{E0A09CBD-33BB-4B31-8EDE-7D23FCE5BC06}.Release|iPhoneSimulator.ActiveCfg = Release|Any CPU
		{E0A09CBD-33BB-4B31-8EDE-7D23FCE5BC06}.Release|iPhoneSimulator.Build.0 = Release|Any CPU
		{7B251522-53DB-4A43-A331-9C58B2D74138}.Ad-Hoc|Any CPU.ActiveCfg = Ad-Hoc|iPhone
		{7B251522-53DB-4A43-A331-9C58B2D74138}.Ad-Hoc|iPhone.ActiveCfg = Ad-Hoc|iPhone
		{7B251522-53DB-4A43-A331-9C58B2D74138}.Ad-Hoc|iPhone.Build.0 = Ad-Hoc|iPhone
		{7B251522-53DB-4A43-A331-9C58B2D74138}.Ad-Hoc|iPhoneSimulator.ActiveCfg = Ad-Hoc|iPhoneSimulator
		{7B251522-53DB-4A43-A331-9C58B2D74138}.Ad-Hoc|iPhoneSimulator.Build.0 = Ad-Hoc|iPhoneSimulator
		{7B251522-53DB-4A43-A331-9C58B2D74138}.AppStore|Any CPU.ActiveCfg = AppStore|iPhone
		{7B251522-53DB-4A43-A331-9C58B2D74138}.AppStore|iPhone.ActiveCfg = AppStore|iPhone
		{7B251522-53DB-4A43-A331-9C58B2D74138}.AppStore|iPhone.Build.0 = AppStore|iPhone
		{7B251522-53DB-4A43-A331-9C58B2D74138}.AppStore|iPhoneSimulator.ActiveCfg = AppStore|iPhoneSimulator
		{7B251522-53DB-4A43-A331-9C58B2D74138}.AppStore|iPhoneSimulator.Build.0 = AppStore|iPhoneSimulator
		{7B251522-53DB-4A43-A331-9C58B2D74138}.Debug|Any CPU.ActiveCfg = Debug|iPhone
		{7B251522-53DB-4A43-A331-9C58B2D74138}.Debug|iPhone.ActiveCfg = Debug|iPhone
		{7B251522-53DB-4A43-A331-9C58B2D74138}.Debug|iPhone.Build.0 = Debug|iPhone
		{7B251522-53DB-4A43-A331-9C58B2D74138}.Debug|iPhoneSimulator.ActiveCfg = Debug|iPhoneSimulator
		{7B251522-53DB-4A43-A331-9C58B2D74138}.Debug|iPhoneSimulator.Build.0 = Debug|iPhoneSimulator
		{7B251522-53DB-4A43-A331-9C58B2D74138}.Release|Any CPU.ActiveCfg = Release|iPhone
		{7B251522-53DB-4A43-A331-9C58B2D74138}.Release|iPhone.ActiveCfg = Release|iPhone
		{7B251522-53DB-4A43-A331-9C58B2D74138}.Release|iPhone.Build.0 = Release|iPhone
		{7B251522-53DB-4A43-A331-9C58B2D74138}.Release|iPhoneSimulator.ActiveCfg = Release|iPhoneSimulator
		{7B251522-53DB-4A43-A331-9C58B2D74138}.Release|iPhoneSimulator.Build.0 = Release|iPhoneSimulator
		{EEDE8F02-2751-44E1-B6CE-ACD400EE9F78}.Ad-Hoc|Any CPU.ActiveCfg = Debug|Any CPU
		{EEDE8F02-2751-44E1-B6CE-ACD400EE9F78}.Ad-Hoc|Any CPU.Build.0 = Debug|Any CPU
		{EEDE8F02-2751-44E1-B6CE-ACD400EE9F78}.Ad-Hoc|iPhone.ActiveCfg = Debug|Any CPU
		{EEDE8F02-2751-44E1-B6CE-ACD400EE9F78}.Ad-Hoc|iPhone.Build.0 = Debug|Any CPU
		{EEDE8F02-2751-44E1-B6CE-ACD400EE9F78}.Ad-Hoc|iPhoneSimulator.ActiveCfg = Debug|Any CPU
		{EEDE8F02-2751-44E1-B6CE-ACD400EE9F78}.Ad-Hoc|iPhoneSimulator.Build.0 = Debug|Any CPU
		{EEDE8F02-2751-44E1-B6CE-ACD400EE9F78}.AppStore|Any CPU.ActiveCfg = Debug|Any CPU
		{EEDE8F02-2751-44E1-B6CE-ACD400EE9F78}.AppStore|Any CPU.Build.0 = Debug|Any CPU
		{EEDE8F02-2751-44E1-B6CE-ACD400EE9F78}.AppStore|iPhone.ActiveCfg = Debug|Any CPU
		{EEDE8F02-2751-44E1-B6CE-ACD400EE9F78}.AppStore|iPhone.Build.0 = Debug|Any CPU
		{EEDE8F02-2751-44E1-B6CE-ACD400EE9F78}.AppStore|iPhoneSimulator.ActiveCfg = Debug|Any CPU
		{EEDE8F02-2751-44E1-B6CE-ACD400EE9F78}.AppStore|iPhoneSimulator.Build.0 = Debug|Any CPU
		{EEDE8F02-2751-44E1-B6CE-ACD400EE9F78}.Debug|Any CPU.ActiveCfg = Debug|Any CPU
		{EEDE8F02-2751-44E1-B6CE-ACD400EE9F78}.Debug|Any CPU.Build.0 = Debug|Any CPU
		{EEDE8F02-2751-44E1-B6CE-ACD400EE9F78}.Debug|iPhone.ActiveCfg = Debug|Any CPU
		{EEDE8F02-2751-44E1-B6CE-ACD400EE9F78}.Debug|iPhone.Build.0 = Debug|Any CPU
		{EEDE8F02-2751-44E1-B6CE-ACD400EE9F78}.Debug|iPhoneSimulator.ActiveCfg = Debug|Any CPU
		{EEDE8F02-2751-44E1-B6CE-ACD400EE9F78}.Debug|iPhoneSimulator.Build.0 = Debug|Any CPU
		{EEDE8F02-2751-44E1-B6CE-ACD400EE9F78}.Release|Any CPU.ActiveCfg = Release|Any CPU
		{EEDE8F02-2751-44E1-B6CE-ACD400EE9F78}.Release|Any CPU.Build.0 = Release|Any CPU
		{EEDE8F02-2751-44E1-B6CE-ACD400EE9F78}.Release|iPhone.ActiveCfg = Release|Any CPU
		{EEDE8F02-2751-44E1-B6CE-ACD400EE9F78}.Release|iPhone.Build.0 = Release|Any CPU
		{EEDE8F02-2751-44E1-B6CE-ACD400EE9F78}.Release|iPhoneSimulator.ActiveCfg = Release|Any CPU
		{EEDE8F02-2751-44E1-B6CE-ACD400EE9F78}.Release|iPhoneSimulator.Build.0 = Release|Any CPU
		{04784D06-FA36-45B4-8FBA-BEF38BBF68A8}.Ad-Hoc|Any CPU.ActiveCfg = Debug|Any CPU
		{04784D06-FA36-45B4-8FBA-BEF38BBF68A8}.Ad-Hoc|Any CPU.Build.0 = Debug|Any CPU
		{04784D06-FA36-45B4-8FBA-BEF38BBF68A8}.Ad-Hoc|iPhone.ActiveCfg = Debug|Any CPU
		{04784D06-FA36-45B4-8FBA-BEF38BBF68A8}.Ad-Hoc|iPhone.Build.0 = Debug|Any CPU
		{04784D06-FA36-45B4-8FBA-BEF38BBF68A8}.Ad-Hoc|iPhoneSimulator.ActiveCfg = Debug|Any CPU
		{04784D06-FA36-45B4-8FBA-BEF38BBF68A8}.Ad-Hoc|iPhoneSimulator.Build.0 = Debug|Any CPU
		{04784D06-FA36-45B4-8FBA-BEF38BBF68A8}.AppStore|Any CPU.ActiveCfg = Debug|Any CPU
		{04784D06-FA36-45B4-8FBA-BEF38BBF68A8}.AppStore|Any CPU.Build.0 = Debug|Any CPU
		{04784D06-FA36-45B4-8FBA-BEF38BBF68A8}.AppStore|iPhone.ActiveCfg = Debug|Any CPU
		{04784D06-FA36-45B4-8FBA-BEF38BBF68A8}.AppStore|iPhone.Build.0 = Debug|Any CPU
		{04784D06-FA36-45B4-8FBA-BEF38BBF68A8}.AppStore|iPhoneSimulator.ActiveCfg = Debug|Any CPU
		{04784D06-FA36-45B4-8FBA-BEF38BBF68A8}.AppStore|iPhoneSimulator.Build.0 = Debug|Any CPU
		{04784D06-FA36-45B4-8FBA-BEF38BBF68A8}.Debug|Any CPU.ActiveCfg = Debug|Any CPU
		{04784D06-FA36-45B4-8FBA-BEF38BBF68A8}.Debug|Any CPU.Build.0 = Debug|Any CPU
		{04784D06-FA36-45B4-8FBA-BEF38BBF68A8}.Debug|iPhone.ActiveCfg = Debug|Any CPU
		{04784D06-FA36-45B4-8FBA-BEF38BBF68A8}.Debug|iPhone.Build.0 = Debug|Any CPU
		{04784D06-FA36-45B4-8FBA-BEF38BBF68A8}.Debug|iPhoneSimulator.ActiveCfg = Debug|Any CPU
		{04784D06-FA36-45B4-8FBA-BEF38BBF68A8}.Debug|iPhoneSimulator.Build.0 = Debug|Any CPU
		{04784D06-FA36-45B4-8FBA-BEF38BBF68A8}.Release|Any CPU.ActiveCfg = Release|Any CPU
		{04784D06-FA36-45B4-8FBA-BEF38BBF68A8}.Release|Any CPU.Build.0 = Release|Any CPU
		{04784D06-FA36-45B4-8FBA-BEF38BBF68A8}.Release|iPhone.ActiveCfg = Release|Any CPU
		{04784D06-FA36-45B4-8FBA-BEF38BBF68A8}.Release|iPhone.Build.0 = Release|Any CPU
		{04784D06-FA36-45B4-8FBA-BEF38BBF68A8}.Release|iPhoneSimulator.ActiveCfg = Release|Any CPU
		{04784D06-FA36-45B4-8FBA-BEF38BBF68A8}.Release|iPhoneSimulator.Build.0 = Release|Any CPU
		{BB46D6A4-5F56-417E-A03A-5F694C102CC0}.Ad-Hoc|Any CPU.ActiveCfg = Debug|Any CPU
		{BB46D6A4-5F56-417E-A03A-5F694C102CC0}.Ad-Hoc|Any CPU.Build.0 = Debug|Any CPU
		{BB46D6A4-5F56-417E-A03A-5F694C102CC0}.Ad-Hoc|iPhone.ActiveCfg = Debug|Any CPU
		{BB46D6A4-5F56-417E-A03A-5F694C102CC0}.Ad-Hoc|iPhone.Build.0 = Debug|Any CPU
		{BB46D6A4-5F56-417E-A03A-5F694C102CC0}.Ad-Hoc|iPhoneSimulator.ActiveCfg = Debug|Any CPU
		{BB46D6A4-5F56-417E-A03A-5F694C102CC0}.Ad-Hoc|iPhoneSimulator.Build.0 = Debug|Any CPU
		{BB46D6A4-5F56-417E-A03A-5F694C102CC0}.AppStore|Any CPU.ActiveCfg = Debug|Any CPU
		{BB46D6A4-5F56-417E-A03A-5F694C102CC0}.AppStore|Any CPU.Build.0 = Debug|Any CPU
		{BB46D6A4-5F56-417E-A03A-5F694C102CC0}.AppStore|iPhone.ActiveCfg = Debug|Any CPU
		{BB46D6A4-5F56-417E-A03A-5F694C102CC0}.AppStore|iPhone.Build.0 = Debug|Any CPU
		{BB46D6A4-5F56-417E-A03A-5F694C102CC0}.AppStore|iPhoneSimulator.ActiveCfg = Debug|Any CPU
		{BB46D6A4-5F56-417E-A03A-5F694C102CC0}.AppStore|iPhoneSimulator.Build.0 = Debug|Any CPU
		{BB46D6A4-5F56-417E-A03A-5F694C102CC0}.Debug|Any CPU.ActiveCfg = Debug|Any CPU
		{BB46D6A4-5F56-417E-A03A-5F694C102CC0}.Debug|Any CPU.Build.0 = Debug|Any CPU
		{BB46D6A4-5F56-417E-A03A-5F694C102CC0}.Debug|iPhone.ActiveCfg = Debug|Any CPU
		{BB46D6A4-5F56-417E-A03A-5F694C102CC0}.Debug|iPhone.Build.0 = Debug|Any CPU
		{BB46D6A4-5F56-417E-A03A-5F694C102CC0}.Debug|iPhoneSimulator.ActiveCfg = Debug|Any CPU
		{BB46D6A4-5F56-417E-A03A-5F694C102CC0}.Debug|iPhoneSimulator.Build.0 = Debug|Any CPU
		{BB46D6A4-5F56-417E-A03A-5F694C102CC0}.Release|Any CPU.ActiveCfg = Release|Any CPU
		{BB46D6A4-5F56-417E-A03A-5F694C102CC0}.Release|Any CPU.Build.0 = Release|Any CPU
		{BB46D6A4-5F56-417E-A03A-5F694C102CC0}.Release|iPhone.ActiveCfg = Release|Any CPU
		{BB46D6A4-5F56-417E-A03A-5F694C102CC0}.Release|iPhone.Build.0 = Release|Any CPU
		{BB46D6A4-5F56-417E-A03A-5F694C102CC0}.Release|iPhoneSimulator.ActiveCfg = Release|Any CPU
		{BB46D6A4-5F56-417E-A03A-5F694C102CC0}.Release|iPhoneSimulator.Build.0 = Release|Any CPU
		{92676983-50E3-44C6-ADD4-1091E5592BF0}.Ad-Hoc|Any CPU.ActiveCfg = Debug|Any CPU
		{92676983-50E3-44C6-ADD4-1091E5592BF0}.Ad-Hoc|Any CPU.Build.0 = Debug|Any CPU
		{92676983-50E3-44C6-ADD4-1091E5592BF0}.Ad-Hoc|iPhone.ActiveCfg = Debug|Any CPU
		{92676983-50E3-44C6-ADD4-1091E5592BF0}.Ad-Hoc|iPhone.Build.0 = Debug|Any CPU
		{92676983-50E3-44C6-ADD4-1091E5592BF0}.Ad-Hoc|iPhoneSimulator.ActiveCfg = Debug|Any CPU
		{92676983-50E3-44C6-ADD4-1091E5592BF0}.Ad-Hoc|iPhoneSimulator.Build.0 = Debug|Any CPU
		{92676983-50E3-44C6-ADD4-1091E5592BF0}.AppStore|Any CPU.ActiveCfg = Debug|Any CPU
		{92676983-50E3-44C6-ADD4-1091E5592BF0}.AppStore|Any CPU.Build.0 = Debug|Any CPU
		{92676983-50E3-44C6-ADD4-1091E5592BF0}.AppStore|iPhone.ActiveCfg = Debug|Any CPU
		{92676983-50E3-44C6-ADD4-1091E5592BF0}.AppStore|iPhone.Build.0 = Debug|Any CPU
		{92676983-50E3-44C6-ADD4-1091E5592BF0}.AppStore|iPhoneSimulator.ActiveCfg = Debug|Any CPU
		{92676983-50E3-44C6-ADD4-1091E5592BF0}.AppStore|iPhoneSimulator.Build.0 = Debug|Any CPU
		{92676983-50E3-44C6-ADD4-1091E5592BF0}.Debug|Any CPU.ActiveCfg = Debug|Any CPU
		{92676983-50E3-44C6-ADD4-1091E5592BF0}.Debug|Any CPU.Build.0 = Debug|Any CPU
		{92676983-50E3-44C6-ADD4-1091E5592BF0}.Debug|iPhone.ActiveCfg = Debug|Any CPU
		{92676983-50E3-44C6-ADD4-1091E5592BF0}.Debug|iPhone.Build.0 = Debug|Any CPU
		{92676983-50E3-44C6-ADD4-1091E5592BF0}.Debug|iPhoneSimulator.ActiveCfg = Debug|Any CPU
		{92676983-50E3-44C6-ADD4-1091E5592BF0}.Debug|iPhoneSimulator.Build.0 = Debug|Any CPU
		{92676983-50E3-44C6-ADD4-1091E5592BF0}.Release|Any CPU.ActiveCfg = Release|Any CPU
		{92676983-50E3-44C6-ADD4-1091E5592BF0}.Release|Any CPU.Build.0 = Release|Any CPU
		{92676983-50E3-44C6-ADD4-1091E5592BF0}.Release|iPhone.ActiveCfg = Release|Any CPU
		{92676983-50E3-44C6-ADD4-1091E5592BF0}.Release|iPhone.Build.0 = Release|Any CPU
		{92676983-50E3-44C6-ADD4-1091E5592BF0}.Release|iPhoneSimulator.ActiveCfg = Release|Any CPU
		{92676983-50E3-44C6-ADD4-1091E5592BF0}.Release|iPhoneSimulator.Build.0 = Release|Any CPU
	EndGlobalSection
	GlobalSection(SolutionProperties) = preSolution
		HideSolutionNode = FALSE
	EndGlobalSection
	GlobalSection(NestedProjects) = preSolution
		{1344EA5F-0AAF-4976-80B9-E0AF14866877} = {9A201F73-5074-42DF-9577-13FD07F7D355}
		{AB87045C-743B-4B0E-9DD4-8AB368855429} = {48F19910-A8AD-4793-9FED-60C731BDA57E}
		{F1AA3FC1-8377-43A9-BC6E-E35E37D2FAEB} = {48F19910-A8AD-4793-9FED-60C731BDA57E}
		{090C3802-A0BF-4097-8D38-EA2A47117275} = {48F19910-A8AD-4793-9FED-60C731BDA57E}
		{53E1C01E-8F0C-46C8-95DB-907E95F42D42} = {48F19910-A8AD-4793-9FED-60C731BDA57E}
		{AB22B9B5-C8B7-4291-9EE2-33842C9F7C9A} = {48F19910-A8AD-4793-9FED-60C731BDA57E}
		{7B251522-53DB-4A43-A331-9C58B2D74138} = {9A201F73-5074-42DF-9577-13FD07F7D355}
		{EEDE8F02-2751-44E1-B6CE-ACD400EE9F78} = {48F19910-A8AD-4793-9FED-60C731BDA57E}
		{04784D06-FA36-45B4-8FBA-BEF38BBF68A8} = {F77E6232-C1FC-4B52-B003-4CD1E76CF9E8}
		{BB46D6A4-5F56-417E-A03A-5F694C102CC0} = {F77E6232-C1FC-4B52-B003-4CD1E76CF9E8}
		{92676983-50E3-44C6-ADD4-1091E5592BF0} = {F77E6232-C1FC-4B52-B003-4CD1E76CF9E8}
	EndGlobalSection
EndGlobal
